
Microsoft Visual Studio Solution File, Format Version 12.00
# Visual Studio 15
VisualStudioVersion = 15.0.26730.12
MinimumVisualStudioVersion = 10.0.40219.1
Project("{FAE04EC0-301F-11D3-BF4B-00C04F79EFBC}") = "The-Doomsday-Rule", "The-Doomsday-Rule\The-Doomsday-Rule.csproj", "{2F9BA071-3B4F-4D04-9669-8A0FC50FB202}"
EndProject
Global
	GlobalSection(SolutionConfigurationPlatforms) = preSolution
		Debug|Any CPU = Debug|Any CPU
		Release|Any CPU = Release|Any CPU
	EndGlobalSection
	GlobalSection(ProjectConfigurationPlatforms) = postSolution
		{2F9BA071-3B4F-4D04-9669-8A0FC50FB202}.Debug|Any CPU.ActiveCfg = Debug|Any CPU
		{2F9BA071-3B4F-4D04-9669-8A0FC50FB202}.Debug|Any CPU.Build.0 = Debug|Any CPU
		{2F9BA071-3B4F-4D04-9669-8A0FC50FB202}.Release|Any CPU.ActiveCfg = Release|Any CPU
		{2F9BA071-3B4F-4D04-9669-8A0FC50FB202}.Release|Any CPU.Build.0 = Release|Any CPU
	EndGlobalSection
	GlobalSection(SolutionProperties) = preSolution
		HideSolutionNode = FALSE
	EndGlobalSection
	GlobalSection(ExtensibilityGlobals) = postSolution
		SolutionGuid = {A642147A-AC9F-487D-8E7F-00EFF0137CC7}
	EndGlobalSection
EndGlobal
