
Microsoft Visual Studio Solution File, Format Version 12.00
# Visual Studio 15
VisualStudioVersion = 15.0.28010.2041
MinimumVisualStudioVersion = 10.0.40219.1
Project("{FAE04EC0-301F-11D3-BF4B-00C04F79EFBC}") = "El-Merendero_Massimo-Pavoni", "El-Merendero_Massimo-Pavoni\El-Merendero_Massimo-Pavoni.csproj", "{D450B6BE-EA19-42C3-B4BC-62C4F1F602B2}"
EndProject
Global
	GlobalSection(SolutionConfigurationPlatforms) = preSolution
		Debug|Any CPU = Debug|Any CPU
		Release|Any CPU = Release|Any CPU
	EndGlobalSection
	GlobalSection(ProjectConfigurationPlatforms) = postSolution
		{D450B6BE-EA19-42C3-B4BC-62C4F1F602B2}.Debug|Any CPU.ActiveCfg = Debug|Any CPU
		{D450B6BE-EA19-42C3-B4BC-62C4F1F602B2}.Debug|Any CPU.Build.0 = Debug|Any CPU
		{D450B6BE-EA19-42C3-B4BC-62C4F1F602B2}.Release|Any CPU.ActiveCfg = Release|Any CPU
		{D450B6BE-EA19-42C3-B4BC-62C4F1F602B2}.Release|Any CPU.Build.0 = Release|Any CPU
	EndGlobalSection
	GlobalSection(SolutionProperties) = preSolution
		HideSolutionNode = FALSE
	EndGlobalSection
	GlobalSection(ExtensibilityGlobals) = postSolution
		SolutionGuid = {5008C568-0C85-47B2-8988-1F5A429024C5}
	EndGlobalSection
EndGlobal
